
Microsoft Visual Studio Solution File, Format Version 12.00
# Visual Studio Version 16
VisualStudioVersion = 16.0.31410.357
MinimumVisualStudioVersion = 10.0.40219.1
Project("{FAE04EC0-301F-11D3-BF4B-00C04F79EFBC}") = "TccWF-versao01", "TccWF-versao01.csproj", "{D8EE2E33-3FF1-46C7-BA4C-32E3735911F4}"
EndProject
Global
	GlobalSection(SolutionConfigurationPlatforms) = preSolution
		Debug|Any CPU = Debug|Any CPU
		Release|Any CPU = Release|Any CPU
	EndGlobalSection
	GlobalSection(ProjectConfigurationPlatforms) = postSolution
		{D8EE2E33-3FF1-46C7-BA4C-32E3735911F4}.Debug|Any CPU.ActiveCfg = Debug|Any CPU
		{D8EE2E33-3FF1-46C7-BA4C-32E3735911F4}.Debug|Any CPU.Build.0 = Debug|Any CPU
		{D8EE2E33-3FF1-46C7-BA4C-32E3735911F4}.Release|Any CPU.ActiveCfg = Release|Any CPU
		{D8EE2E33-3FF1-46C7-BA4C-32E3735911F4}.Release|Any CPU.Build.0 = Release|Any CPU
	EndGlobalSection
	GlobalSection(SolutionProperties) = preSolution
		HideSolutionNode = FALSE
	EndGlobalSection
	GlobalSection(ExtensibilityGlobals) = postSolution
		SolutionGuid = {554DF500-4644-4BFB-9E82-F2239802B80F}
	EndGlobalSection
EndGlobal
